Microsoft Visual Studio Solution File, Format Version 12.00
# Visual Studio Version 17
VisualStudioVersion = 17.5.2.0
MinimumVisualStudioVersion = 10.0.40219.1
Project("{FAE04EC0-301F-11D3-BF4B-00C04F79EFBC}") = "Akali.Core", "Akali.Core\Akali.Core.csproj", "{33EBDA90-39E5-8883-00C0-B093D5FC892E}"
EndProject
Global
	GlobalSection(SolutionConfigurationPlatforms) = preSolution
		Debug|Any CPU = Debug|Any CPU
		Release|Any CPU = Release|Any CPU
	EndGlobalSection
	GlobalSection(ProjectConfigurationPlatforms) = postSolution
		{33EBDA90-39E5-8883-00C0-B093D5FC892E}.Debug|Any CPU.ActiveCfg = Debug|Any CPU
		{33EBDA90-39E5-8883-00C0-B093D5FC892E}.Debug|Any CPU.Build.0 = Debug|Any CPU
		{33EBDA90-39E5-8883-00C0-B093D5FC892E}.Release|Any CPU.ActiveCfg = Release|Any CPU
		{33EBDA90-39E5-8883-00C0-B093D5FC892E}.Release|Any CPU.Build.0 = Release|Any CPU
	EndGlobalSection
	GlobalSection(SolutionProperties) = preSolution
		HideSolutionNode = FALSE
	EndGlobalSection
	GlobalSection(ExtensibilityGlobals) = postSolution
		SolutionGuid = {A3923137-F35C-4201-9292-40844FA30375}
	EndGlobalSection
EndGlobal
